// !$*UTF8*$!
{
	archiveVersion = 1;
	classes = {
	};
	objectVersion = 55;
	objects = {

/* Begin PBXBuildFile section */
		714369EA2830F199005355F7 /* bird_templateApp.swift in Sources */ = {isa = PBXBuildFile; fileRef = 714369E92830F199005355F7 /* bird_templateApp.swift */; };
		714369F12830F1A7005355F7 /* Preview Assets.xcassets in Resources */ = {isa = PBXBuildFile; fileRef = 714369F02830F1A7005355F7 /* Preview Assets.xcassets */; };
		714369F82830F27B005355F7 /* bird1.swift in Sources */ = {isa = PBXBuildFile; fileRef = 714369F72830F27B005355F7 /* bird1.swift */; };
		714C5ACE2839070200B3FEE6 /* bird2.swift in Sources */ = {isa = PBXBuildFile; fileRef = 714C5ACD2839070200B3FEE6 /* bird2.swift */; };
		714C5AD42839239800B3FEE6 /* birdmenu.swift in Sources */ = {isa = PBXBuildFile; fileRef = 714C5AD32839239800B3FEE6 /* birdmenu.swift */; };
		71AE4B46283932DA002B139E /* 12.mp3 in Resources */ = {isa = PBXBuildFile; fileRef = 71AE4B33283932C1002B139E /* 12.mp3 */; };
		71AE4B47283932DA002B139E /* 14.mp3 in Resources */ = {isa = PBXBuildFile; fileRef = 71AE4B34283932C3002B139E /* 14.mp3 */; };
		71AE4B48283932DA002B139E /* 5.mp3 in Resources */ = {isa = PBXBuildFile; fileRef = 71AE4B35283932C3002B139E /* 5.mp3 */; };
		71AE4B49283932DA002B139E /* 6.mp3 in Resources */ = {isa = PBXBuildFile; fileRef = 71AE4B36283932C4002B139E /* 6.mp3 */; };
		71AE4B4A283932DA002B139E /* 19.mp3 in Resources */ = {isa = PBXBuildFile; fileRef = 71AE4B37283932CB002B139E /* 19.mp3 */; };
		71AE4B4B283932DA002B139E /* 16.mp3 in Resources */ = {isa = PBXBuildFile; fileRef = 71AE4B38283932CC002B139E /* 16.mp3 */; };
		71AE4B4C283932DB002B139E /* 11.mp3 in Resources */ = {isa = PBXBuildFile; fileRef = 71AE4B39283932CC002B139E /* 11.mp3 */; };
		71AE4B4D283932DB002B139E /* 2.mp3 in Resources */ = {isa = PBXBuildFile; fileRef = 71AE4B3A283932CE002B139E /* 2.mp3 */; };
		71AE4B4E283932DB002B139E /* 13.mp3 in Resources */ = {isa = PBXBuildFile; fileRef = 71AE4B3B283932CE002B139E /* 13.mp3 */; };
		71AE4B4F283932DB002B139E /* 7.mp3 in Resources */ = {isa = PBXBuildFile; fileRef = 71AE4B3C283932CF002B139E /* 7.mp3 */; };
		71AE4B50283932DB002B139E /* 9.mp3 in Resources */ = {isa = PBXBuildFile; fileRef = 71AE4B3D283932CF002B139E /* 9.mp3 */; };
		71AE4B51283932DB002B139E /* 1.mp3 in Resources */ = {isa = PBXBuildFile; fileRef = 71AE4B3E283932CF002B139E /* 1.mp3 */; };
		71AE4B52283932DB002B139E /* 3.mp3 in Resources */ = {isa = PBXBuildFile; fileRef = 71AE4B3F283932D0002B139E /* 3.mp3 */; };
		71AE4B53283932DB002B139E /* 15.mp3 in Resources */ = {isa = PBXBuildFile; fileRef = 71AE4B40283932D0002B139E /* 15.mp3 */; };
		71AE4B54283932DB002B139E /* 18.mp3 in Resources */ = {isa = PBXBuildFile; fileRef = 71AE4B41283932D1002B139E /* 18.mp3 */; };
		71AE4B55283932DB002B139E /* 10.mp3 in Resources */ = {isa = PBXBuildFile; fileRef = 71AE4B42283932D1002B139E /* 10.mp3 */; };
		71AE4B56283932DB002B139E /* 17.mp3 in Resources */ = {isa = PBXBuildFile; fileRef = 71AE4B43283932D1002B139E /* 17.mp3 */; };
		71AE4B57283932DB002B139E /* 4.mp3 in Resources */ = {isa = PBXBuildFile; fileRef = 71AE4B44283932D9002B139E /* 4.mp3 */; };
		71AE4B58283932DB002B139E /* 8.mp3 in Resources */ = {isa = PBXBuildFile; fileRef = 71AE4B45283932D9002B139E /* 8.mp3 */; };
		71EFB07E2836820F00D46D89 /* Assets.xcassets in Resources */ = {isa = PBXBuildFile; fileRef = 71EFB07D2836820E00D46D89 /* Assets.xcassets */; };
/* End PBXBuildFile section */

/* Begin PBXFileReference section */
		714369E62830F199005355F7 /* bird template.app */ = {isa = PBXFileReference; explicitFileType = wrapper.application; includeInIndex = 0; path = "bird template.app"; sourceTree = BUILT_PRODUCTS_DIR; };
		714369E92830F199005355F7 /* bird_templateApp.swift */ = {isa = PBXFileReference; lastKnownFileType = sourcecode.swift; path = bird_templateApp.swift; sourceTree = "<group>"; };
		714369F02830F1A7005355F7 /* Preview Assets.xcassets */ = {isa = PBXFileReference; lastKnownFileType = folder.assetcatalog; path = "Preview Assets.xcassets"; sourceTree = "<group>"; };
		714369F72830F27B005355F7 /* bird1.swift */ = {isa = PBXFileReference; lastKnownFileType = sourcecode.swift; path = bird1.swift; sourceTree = "<group>"; };
		714C5ACD2839070200B3FEE6 /* bird2.swift */ = {isa = PBXFileReference; lastKnownFileType = sourcecode.swift; path = bird2.swift; sourceTree = "<group>"; };
		714C5AD32839239800B3FEE6 /* birdmenu.swift */ = {isa = PBXFileReference; lastKnownFileType = sourcecode.swift; path = birdmenu.swift; sourceTree = "<group>"; };
		71AE4B33283932C1002B139E /* 12.mp3 */ = {isa = PBXFileReference; lastKnownFileType = audio.mp3; path = 12.mp3; sourceTree = "<group>"; };
		71AE4B34283932C3002B139E /* 14.mp3 */ = {isa = PBXFileReference; lastKnownFileType = audio.mp3; path = 14.mp3; sourceTree = "<group>"; };
		71AE4B35283932C3002B139E /* 5.mp3 */ = {isa = PBXFileReference; lastKnownFileType = audio.mp3; path = 5.mp3; sourceTree = "<group>"; };
		71AE4B36283932C4002B139E /* 6.mp3 */ = {isa = PBXFileReference; lastKnownFileType = audio.mp3; path = 6.mp3; sourceTree = "<group>"; };
		71AE4B37283932CB002B139E /* 19.mp3 */ = {isa = PBXFileReference; lastKnownFileType = audio.mp3; path = 19.mp3; sourceTree = "<group>"; };
		71AE4B38283932CC002B139E /* 16.mp3 */ = {isa = PBXFileReference; lastKnownFileType = audio.mp3; path = 16.mp3; sourceTree = "<group>"; };
		71AE4B39283932CC002B139E /* 11.mp3 */ = {isa = PBXFileReference; lastKnownFileType = audio.mp3; path = 11.mp3; sourceTree = "<group>"; };
		71AE4B3A283932CE002B139E /* 2.mp3 */ = {isa = PBXFileReference; lastKnownFileType = audio.mp3; path = 2.mp3; sourceTree = "<group>"; };
		71AE4B3B283932CE002B139E /* 13.mp3 */ = {isa = PBXFileReference; lastKnownFileType = audio.mp3; path = 13.mp3; sourceTree = "<group>"; };
		71AE4B3C283932CF002B139E /* 7.mp3 */ = {isa = PBXFileReference; lastKnownFileType = audio.mp3; path = 7.mp3; sourceTree = "<group>"; };
		71AE4B3D283932CF002B139E /* 9.mp3 */ = {isa = PBXFileReference; lastKnownFileType = audio.mp3; path = 9.mp3; sourceTree = "<group>"; };
		71AE4B3E283932CF002B139E /* 1.mp3 */ = {isa = PBXFileReference; lastKnownFileType = audio.mp3; path = 1.mp3; sourceTree = "<group>"; };
		71AE4B3F283932D0002B139E /* 3.mp3 */ = {isa = PBXFileReference; lastKnownFileType = audio.mp3; path = 3.mp3; sourceTree = "<group>"; };
		71AE4B40283932D0002B139E /* 15.mp3 */ = {isa = PBXFileReference; lastKnownFileType = audio.mp3; path = 15.mp3; sourceTree = "<group>"; };
		71AE4B41283932D1002B139E /* 18.mp3 */ = {isa = PBXFileReference; lastKnownFileType = audio.mp3; path = 18.mp3; sourceTree = "<group>"; };
		71AE4B42283932D1002B139E /* 10.mp3 */ = {isa = PBXFileReference; lastKnownFileType = audio.mp3; path = 10.mp3; sourceTree = "<group>"; };
		71AE4B43283932D1002B139E /* 17.mp3 */ = {isa = PBXFileReference; lastKnownFileType = audio.mp3; path = 17.mp3; sourceTree = "<group>"; };
		71AE4B44283932D9002B139E /* 4.mp3 */ = {isa = PBXFileReference; lastKnownFileType = audio.mp3; path = 4.mp3; sourceTree = "<group>"; };
		71AE4B45283932D9002B139E /* 8.mp3 */ = {isa = PBXFileReference; lastKnownFileType = audio.mp3; path = 8.mp3; sourceTree = "<group>"; };
		71EFB07D2836820E00D46D89 /* Assets.xcassets */ = {isa = PBXFileReference; lastKnownFileType = folder.assetcatalog; path = Assets.xcassets; sourceTree = "<group>"; };
/* End PBXFileReference section */

/* Begin PBXFrameworksBuildPhase section */
		714369E32830F199005355F7 /* Frameworks */ = {
			isa = PBXFrameworksBuildPhase;
			buildActionMask = 2147483647;
			files = (
			);
			runOnlyForDeploymentPostprocessing = 0;
		};
/* End PBXFrameworksBuildPhase section */

/* Begin PBXGroup section */
		714369DD2830F197005355F7 = {
			isa = PBXGroup;
			children = (
				714369E82830F199005355F7 /* bird template */,
				714369E72830F199005355F7 /* Products */,
			);
			sourceTree = "<group>";
		};
		714369E72830F199005355F7 /* Products */ = {
			isa = PBXGroup;
			children = (
				714369E62830F199005355F7 /* bird template.app */,
			);
			name = Products;
			sourceTree = "<group>";
		};
		714369E82830F199005355F7 /* bird template */ = {
			isa = PBXGroup;
			children = (
				714369E92830F199005355F7 /* bird_templateApp.swift */,
				71EFB07D2836820E00D46D89 /* Assets.xcassets */,
				714C5AD32839239800B3FEE6 /* birdmenu.swift */,
				714369F72830F27B005355F7 /* bird1.swift */,
				714C5ACD2839070200B3FEE6 /* bird2.swift */,
				71AE4B3E283932CF002B139E /* 1.mp3 */,
				71AE4B3A283932CE002B139E /* 2.mp3 */,
				71AE4B3F283932D0002B139E /* 3.mp3 */,
				71AE4B44283932D9002B139E /* 4.mp3 */,
				71AE4B35283932C3002B139E /* 5.mp3 */,
				71AE4B36283932C4002B139E /* 6.mp3 */,
				71AE4B3C283932CF002B139E /* 7.mp3 */,
				71AE4B45283932D9002B139E /* 8.mp3 */,
				71AE4B3D283932CF002B139E /* 9.mp3 */,
				71AE4B42283932D1002B139E /* 10.mp3 */,
				71AE4B39283932CC002B139E /* 11.mp3 */,
				71AE4B33283932C1002B139E /* 12.mp3 */,
				71AE4B3B283932CE002B139E /* 13.mp3 */,
				71AE4B34283932C3002B139E /* 14.mp3 */,
				71AE4B40283932D0002B139E /* 15.mp3 */,
				71AE4B38283932CC002B139E /* 16.mp3 */,
				71AE4B43283932D1002B139E /* 17.mp3 */,
				71AE4B41283932D1002B139E /* 18.mp3 */,
				71AE4B37283932CB002B139E /* 19.mp3 */,
				714369EF2830F1A7005355F7 /* Preview Content */,
			);
			path = "bird template";
			sourceTree = "<group>";
		};
		714369EF2830F1A7005355F7 /* Preview Content */ = {
			isa = PBXGroup;
			children = (
				714369F02830F1A7005355F7 /* Preview Assets.xcassets */,
			);
			path = "Preview Content";
			sourceTree = "<group>";
		};
/* End PBXGroup section */

/* Begin PBXNativeTarget section */
		714369E52830F199005355F7 /* bird template */ = {
			isa = PBXNativeTarget;
			buildConfigurationList = 714369F42830F1A7005355F7 /* Build configuration list for PBXNativeTarget "bird template" */;
			buildPhases = (
				714369E22830F199005355F7 /* Sources */,
				714369E32830F199005355F7 /* Frameworks */,
				714369E42830F199005355F7 /* Resources */,
			);
			buildRules = (
			);
			dependencies = (
			);
			name = "bird template";
			productName = "bird template";
			productReference = 714369E62830F199005355F7 /* bird template.app */;
			productType = "com.apple.product-type.application";
		};
/* End PBXNativeTarget section */

/* Begin PBXProject section */
		714369DE2830F197005355F7 /* Project object */ = {
			isa = PBXProject;
			attributes = {
				BuildIndependentTargetsInParallel = 1;
				LastSwiftUpdateCheck = 1320;
				LastUpgradeCheck = 1320;
				TargetAttributes = {
					714369E52830F199005355F7 = {
						CreatedOnToolsVersion = 13.2.1;
					};
				};
			};
			buildConfigurationList = 714369E12830F197005355F7 /* Build configuration list for PBXProject "bird template" */;
			compatibilityVersion = "Xcode 13.0";
			developmentRegion = en;
			hasScannedForEncodings = 0;
			knownRegions = (
				en,
				Base,
			);
			mainGroup = 714369DD2830F197005355F7;
			productRefGroup = 714369E72830F199005355F7 /* Products */;
			projectDirPath = "";
			projectRoot = "";
			targets = (
				714369E52830F199005355F7 /* bird template */,
			);
		};
/* End PBXProject section */

/* Begin PBXResourcesBuildPhase section */
		714369E42830F199005355F7 /* Resources */ = {
			isa = PBXResourcesBuildPhase;
			buildActionMask = 2147483647;
			files = (
				71AE4B58283932DB002B139E /* 8.mp3 in Resources */,
				71AE4B53283932DB002B139E /* 15.mp3 in Resources */,
				71AE4B4E283932DB002B139E /* 13.mp3 in Resources */,
				71AE4B48283932DA002B139E /* 5.mp3 in Resources */,
				71AE4B49283932DA002B139E /* 6.mp3 in Resources */,
				71AE4B50283932DB002B139E /* 9.mp3 in Resources */,
				71AE4B55283932DB002B139E /* 10.mp3 in Resources */,
				71AE4B51283932DB002B139E /* 1.mp3 in Resources */,
				71AE4B54283932DB002B139E /* 18.mp3 in Resources */,
				71AE4B46283932DA002B139E /* 12.mp3 in Resources */,
				71AE4B47283932DA002B139E /* 14.mp3 in Resources */,
				71AE4B4C283932DB002B139E /* 11.mp3 in Resources */,
				71AE4B57283932DB002B139E /* 4.mp3 in Resources */,
				71AE4B4F283932DB002B139E /* 7.mp3 in Resources */,
				71EFB07E2836820F00D46D89 /* Assets.xcassets in Resources */,
				71AE4B4B283932DA002B139E /* 16.mp3 in Resources */,
				71AE4B4A283932DA002B139E /* 19.mp3 in Resources */,
				71AE4B52283932DB002B139E /* 3.mp3 in Resources */,
				71AE4B4D283932DB002B139E /* 2.mp3 in Resources */,
				714369F12830F1A7005355F7 /* Preview Assets.xcassets in Resources */,
				71AE4B56283932DB002B139E /* 17.mp3 in Resources */,
			);
			runOnlyForDeploymentPostprocessing = 0;
		};
/* End PBXResourcesBuildPhase section */

/* Begin PBXSourcesBuildPhase section */
		714369E22830F199005355F7 /* Sources */ = {
			isa = PBXSourcesBuildPhase;
			buildActionMask = 2147483647;
			files = (
				714C5AD42839239800B3FEE6 /* birdmenu.swift in Sources */,
				714C5ACE2839070200B3FEE6 /* bird2.swift in Sources */,
				714369F82830F27B005355F7 /* bird1.swift in Sources */,
				714369EA2830F199005355F7 /* bird_templateApp.swift in Sources */,
			);
			runOnlyForDeploymentPostprocessing = 0;
		};
/* End PBXSourcesBuildPhase section */

/* Begin XCBuildConfiguration section */
		714369F22830F1A7005355F7 /* Debug */ = {
			isa = XCBuildConfiguration;
			buildSettings = {
				ALWAYS_SEARCH_USER_PATHS = NO;
				CLANG_ANALYZER_NONNULL = YES;
				CLANG_ANALYZER_NUMBER_OBJECT_CONVERSION = YES_AGGRESSIVE;
				CLANG_CXX_LANGUAGE_STANDARD = "gnu++17";
				CLANG_CXX_LIBRARY = "libc++";
				CLANG_ENABLE_MODULES = YES;
				CLANG_ENABLE_OBJC_ARC = YES;
				CLANG_ENABLE_OBJC_WEAK = YES;
				CLANG_WARN_BLOCK_CAPTURE_AUTORELEASING = YES;
				CLANG_WARN_BOOL_CONVERSION = YES;
				CLANG_WARN_COMMA = YES;
				CLANG_WARN_CONSTANT_CONVERSION = YES;
				CLANG_WARN_DEPRECATED_OBJC_IMPLEMENTATIONS = YES;
				CLANG_WARN_DIRECT_OBJC_ISA_USAGE = YES_ERROR;
				CLANG_WARN_DOCUMENTATION_COMMENTS = YES;
				CLANG_WARN_EMPTY_BODY = YES;
				CLANG_WARN_ENUM_CONVERSION = YES;
				CLANG_WARN_INFINITE_RECURSION = YES;
				CLANG_WARN_INT_CONVERSION = YES;
				CLANG_WARN_NON_LITERAL_NULL_CONVERSION = YES;
				CLANG_WARN_OBJC_IMPLICIT_RETAIN_SELF = YES;
				CLANG_WARN_OBJC_LITERAL_CONVERSION = YES;
				CLANG_WARN_OBJC_ROOT_CLASS = YES_ERROR;
				CLANG_WARN_QUOTED_INCLUDE_IN_FRAMEWORK_HEADER = YES;
				CLANG_WARN_RANGE_LOOP_ANALYSIS = YES;
				CLANG_WARN_STRICT_PROTOTYPES = YES;
				CLANG_WARN_SUSPICIOUS_MOVE = YES;
				CLANG_WARN_UNGUARDED_AVAILABILITY = YES_AGGRESSIVE;
				CLANG_WARN_UNREACHABLE_CODE = YES;
				CLANG_WARN__DUPLICATE_METHOD_MATCH = YES;
				COPY_PHASE_STRIP = NO;
				DEBUG_INFORMATION_FORMAT = dwarf;
				ENABLE_STRICT_OBJC_MSGSEND = YES;
				ENABLE_TESTABILITY = YES;
				GCC_C_LANGUAGE_STANDARD = gnu11;
				GCC_DYNAMIC_NO_PIC = NO;
				GCC_NO_COMMON_BLOCKS = YES;
				GCC_OPTIMIZATION_LEVEL = 0;
				GCC_PREPROCESSOR_DEFINITIONS = (
					"DEBUG=1",
					"$(inherited)",
				);
				GCC_WARN_64_TO_32_BIT_CONVERSION = YES;
				GCC_WARN_ABOUT_RETURN_TYPE = YES_ERROR;
				GCC_WARN_UNDECLARED_SELECTOR = YES;
				GCC_WARN_UNINITIALIZED_AUTOS = YES_AGGRESSIVE;
				GCC_WARN_UNUSED_FUNCTION = YES;
				GCC_WARN_UNUSED_VARIABLE = YES;
				IPHONEOS_DEPLOYMENT_TARGET = 15.2;
				MTL_ENABLE_DEBUG_INFO = INCLUDE_SOURCE;
				MTL_FAST_MATH = YES;
				ONLY_ACTIVE_ARCH = YES;
				SDKROOT = iphoneos;
				SWIFT_ACTIVE_COMPILATION_CONDITIONS = DEBUG;
				SWIFT_OPTIMIZATION_LEVEL = "-Onone";
			};
			name = Debug;
		};
		714369F32830F1A7005355F7 /* Release */ = {
			isa = XCBuildConfiguration;
			buildSettings = {
				ALWAYS_SEARCH_USER_PATHS = NO;
				CLANG_ANALYZER_NONNULL = YES;
				CLANG_ANALYZER_NUMBER_OBJECT_CONVERSION = YES_AGGRESSIVE;
				CLANG_CXX_LANGUAGE_STANDARD = "gnu++17";
				CLANG_CXX_LIBRARY = "libc++";
				CLANG_ENABLE_MODULES = YES;
				CLANG_ENABLE_OBJC_ARC = YES;
				CLANG_ENABLE_OBJC_WEAK = YES;
				CLANG_WARN_BLOCK_CAPTURE_AUTORELEASING = YES;
				CLANG_WARN_BOOL_CONVERSION = YES;
				CLANG_WARN_COMMA = YES;
				CLANG_WARN_CONSTANT_CONVERSION = YES;
				CLANG_WARN_DEPRECATED_OBJC_IMPLEMENTATIONS = YES;
				CLANG_WARN_DIRECT_OBJC_ISA_USAGE = YES_ERROR;
				CLANG_WARN_DOCUMENTATION_COMMENTS = YES;
				CLANG_WARN_EMPTY_BODY = YES;
				CLANG_WARN_ENUM_CONVERSION = YES;
				CLANG_WARN_INFINITE_RECURSION = YES;
				CLANG_WARN_INT_CONVERSION = YES;
				CLANG_WARN_NON_LITERAL_NULL_CONVERSION = YES;
				CLANG_WARN_OBJC_IMPLICIT_RETAIN_SELF = YES;
				CLANG_WARN_OBJC_LITERAL_CONVERSION = YES;
				CLANG_WARN_OBJC_ROOT_CLASS = YES_ERROR;
				CLANG_WARN_QUOTED_INCLUDE_IN_FRAMEWORK_HEADER = YES;
				CLANG_WARN_RANGE_LOOP_ANALYSIS = YES;
				CLANG_WARN_STRICT_PROTOTYPES = YES;
				CLANG_WARN_SUSPICIOUS_MOVE = YES;
				CLANG_WARN_UNGUARDED_AVAILABILITY = YES_AGGRESSIVE;
				CLANG_WARN_UNREACHABLE_CODE = YES;
				CLANG_WARN__DUPLICATE_METHOD_MATCH = YES;
				COPY_PHASE_STRIP = NO;
				DEBUG_INFORMATION_FORMAT = "dwarf-with-dsym";
				ENABLE_NS_ASSERTIONS = NO;
				ENABLE_STRICT_OBJC_MSGSEND = YES;
				GCC_C_LANGUAGE_STANDARD = gnu11;
				GCC_NO_COMMON_BLOCKS = YES;
				GCC_WARN_64_TO_32_BIT_CONVERSION = YES;
				GCC_WARN_ABOUT_RETURN_TYPE = YES_ERROR;
				GCC_WARN_UNDECLARED_SELECTOR = YES;
				GCC_WARN_UNINITIALIZED_AUTOS = YES_AGGRESSIVE;
				GCC_WARN_UNUSED_FUNCTION = YES;
				GCC_WARN_UNUSED_VARIABLE = YES;
				IPHONEOS_DEPLOYMENT_TARGET = 15.2;
				MTL_ENABLE_DEBUG_INFO = NO;
				MTL_FAST_MATH = YES;
				SDKROOT = iphoneos;
				SWIFT_COMPILATION_MODE = wholemodule;
				SWIFT_OPTIMIZATION_LEVEL = "-O";
				VALIDATE_PRODUCT = YES;
			};
			name = Release;
		};
		714369F52830F1A7005355F7 /* Debug */ = {
			isa = XCBuildConfiguration;
			buildSettings = {
				ASSETCATALOG_COMPILER_APPICON_NAME = AppIcon;
				ASSETCATALOG_COMPILER_GLOBAL_ACCENT_COLOR_NAME = AccentColor;
				CODE_SIGN_STYLE = Automatic;
				CURRENT_PROJECT_VERSION = 1;
				DEVELOPMENT_ASSET_PATHS = "\"bird template/Preview Content\"";
				DEVELOPMENT_TEAM = Y7U3AT9H53;
				ENABLE_PREVIEWS = YES;
				GENERATE_INFOPLIST_FILE = YES;
				INFOPLIST_KEY_UIApplicationSceneManifest_Generation = YES;
				INFOPLIST_KEY_UIApplicationSupportsIndirectInputEvents = YES;
				INFOPLIST_KEY_UILaunchScreen_Generation = YES;
				INFOPLIST_KEY_UISupportedInterfaceOrientations_iPad = "UIInterfaceOrientationPortrait UIInterfaceOrientationPortraitUpsideDown UIInterfaceOrientationLandscapeLeft UIInterfaceOrientationLandscapeRight";
				INFOPLIST_KEY_UISupportedInterfaceOrientations_iPhone = "UIInterfaceOrientationPortrait UIInterfaceOrientationLandscapeLeft UIInterfaceOrientationLandscapeRight";
				LD_RUNPATH_SEARCH_PATHS = (
					"$(inherited)",
					"@executable_path/Frameworks",
				);
				MARKETING_VERSION = 1.0;
				PRODUCT_BUNDLE_IDENTIFIER = "com.ray-surface.bird-template";
				PRODUCT_NAME = "$(TARGET_NAME)";
				SWIFT_EMIT_LOC_STRINGS = YES;
				SWIFT_VERSION = 5.0;
				TARGETED_DEVICE_FAMILY = "1,2";
			};
			name = Debug;
		};
		714369F62830F1A7005355F7 /* Release */ = {
			isa = XCBuildConfiguration;
			buildSettings = {
				ASSETCATALOG_COMPILER_APPICON_NAME = AppIcon;
				ASSETCATALOG_COMPILER_GLOBAL_ACCENT_COLOR_NAME = AccentColor;
				CODE_SIGN_STYLE = Automatic;
				CURRENT_PROJECT_VERSION = 1;
				DEVELOPMENT_ASSET_PATHS = "\"bird template/Preview Content\"";
				DEVELOPMENT_TEAM = Y7U3AT9H53;
				ENABLE_PREVIEWS = YES;
				GENERATE_INFOPLIST_FILE = YES;
				INFOPLIST_KEY_UIApplicationSceneManifest_Generation = YES;
				INFOPLIST_KEY_UIApplicationSupportsIndirectInputEvents = YES;
				INFOPLIST_KEY_UILaunchScreen_Generation = YES;
				INFOPLIST_KEY_UISupportedInterfaceOrientations_iPad = "UIInterfaceOrientationPortrait UIInterfaceOrientationPortraitUpsideDown UIInterfaceOrientationLandscapeLeft UIInterfaceOrientationLandscapeRight";
				INFOPLIST_KEY_UISupportedInterfaceOrientations_iPhone = "UIInterfaceOrientationPortrait UIInterfaceOrientationLandscapeLeft UIInterfaceOrientationLandscapeRight";
				LD_RUNPATH_SEARCH_PATHS = (
					"$(inherited)",
					"@executable_path/Frameworks",
				);
				MARKETING_VERSION = 1.0;
				PRODUCT_BUNDLE_IDENTIFIER = "com.ray-surface.bird-template";
				PRODUCT_NAME = "$(TARGET_NAME)";
				SWIFT_EMIT_LOC_STRINGS = YES;
				SWIFT_VERSION = 5.0;
				TARGETED_DEVICE_FAMILY = "1,2";
			};
			name = Release;
		};
/* End XCBuildConfiguration section */

/* Begin XCConfigurationList section */
		714369E12830F197005355F7 /* Build configuration list for PBXProject "bird template" */ = {
			isa = XCConfigurationList;
			buildConfigurations = (
				714369F22830F1A7005355F7 /* Debug */,
				714369F32830F1A7005355F7 /* Release */,
			);
			defaultConfigurationIsVisible = 0;
			defaultConfigurationName = Release;
		};
		714369F42830F1A7005355F7 /* Build configuration list for PBXNativeTarget "bird template" */ = {
			isa = XCConfigurationList;
			buildConfigurations = (
				714369F52830F1A7005355F7 /* Debug */,
				714369F62830F1A7005355F7 /* Release */,
			);
			defaultConfigurationIsVisible = 0;
			defaultConfigurationName = Release;
		};
/* End XCConfigurationList section */
	};
	rootObject = 714369DE2830F197005355F7 /* Project object */;
}
